
Microsoft Visual Studio Solution File, Format Version 12.00
# Visual Studio Version 17
VisualStudioVersion = 17.10.34928.147
MinimumVisualStudioVersion = 10.0.40219.1
Project("{9A19103F-16F7-4668-BE54-9A1E7A4F7556}") = "Student_Management", "Student_Management\Student_Management.csproj", "{EFE46036-580E-4FB9-9C4F-7E27DD3BF56D}"
EndProject
Project("{E53339B2-1760-4266-BCC7-CA923CBCF16C}") = "docker-compose", "docker-compose.dcproj", "{208933AC-812E-4D08-94B3-0A07F0A39F5B}"
EndProject
Global
	GlobalSection(SolutionConfigurationPlatforms) = preSolution
		Debug|Any CPU = Debug|Any CPU
		Release|Any CPU = Release|Any CPU
	EndGlobalSection
	GlobalSection(ProjectConfigurationPlatforms) = postSolution
		{EFE46036-580E-4FB9-9C4F-7E27DD3BF56D}.Debug|Any CPU.ActiveCfg = Debug|Any CPU
		{EFE46036-580E-4FB9-9C4F-7E27DD3BF56D}.Debug|Any CPU.Build.0 = Debug|Any CPU
		{EFE46036-580E-4FB9-9C4F-7E27DD3BF56D}.Release|Any CPU.ActiveCfg = Release|Any CPU
		{EFE46036-580E-4FB9-9C4F-7E27DD3BF56D}.Release|Any CPU.Build.0 = Release|Any CPU
		{208933AC-812E-4D08-94B3-0A07F0A39F5B}.Debug|Any CPU.ActiveCfg = Debug|Any CPU
		{208933AC-812E-4D08-94B3-0A07F0A39F5B}.Debug|Any CPU.Build.0 = Debug|Any CPU
		{208933AC-812E-4D08-94B3-0A07F0A39F5B}.Release|Any CPU.ActiveCfg = Release|Any CPU
		{208933AC-812E-4D08-94B3-0A07F0A39F5B}.Release|Any CPU.Build.0 = Release|Any CPU
	EndGlobalSection
	GlobalSection(SolutionProperties) = preSolution
		HideSolutionNode = FALSE
	EndGlobalSection
	GlobalSection(ExtensibilityGlobals) = postSolution
		SolutionGuid = {2FF0E9E4-076D-4B1B-8155-0D0812C5B135}
	EndGlobalSection
EndGlobal
